{
  "name": "Blacktetriss",
  "lockfileVersion": 3,
  "requires": true,
  "packages": {
    "": {
      "dependencies": {
        "magnific-popup": "^1.1.0",
        "tachyons": "4.12.0",
        "zepto": "^1.2.0"
      }
    },
    "node_modules/magnific-popup": {
      "version": "1.1.0",
      "resolved": "https://registry.npmjs.org/magnific-popup/-/magnific-popup-1.1.0.tgz",
      "integrity": "sha512-ghSa/1TKsOUL6ZlHfcfFCoB9Wms2nqaDdBEPh6QX9jFYQyMkUu7ciU1mrxedWWq4NM2m1C/llhHKLt6GKRYOzg==",
      "engines": {
        "node": ">= 0.8.0"
      }
    },
    "node_modules/tachyons": {
      "version": "4.12.0",
      "resolved": "https://registry.npmjs.org/tachyons/-/tachyons-4.12.0.tgz",
      "integrity": "sha512-2nA2IrYFy3raCM9fxJ2KODRGHVSZNTW3BR0YnlGsLUf1DA3pk3YfWZ/DdfbnZK6zLZS+jUenlUGJsKcA5fUiZg=="
    },
    "node_modules/zepto": {
      "version": "1.2.0",
      "resolved": "https://registry.npmjs.org/zepto/-/zepto-1.2.0.tgz",
      "integrity": "sha512-C1x6lfvBICFTQIMgbt3JqMOno3VOtkWat/xEakLTOurskYIHPmzJrzd1e8BnmtdDVJlGuk5D+FxyCA8MPmkIyA=="
    }
  }
}
