{
  "name": "blacktetriss",
  "version": "1.0.0",
  "lockfileVersion": 3,
  "requires": true,
  "packages": {
    "": {
      "name": "blacktetriss",
      "version": "1.0.0",
      "license": "ISC",
      "dependencies": {
        "@cloudinary/url-gen": "^1.11.2",
        "animejs": "^3.2.1",
        "tachyons": "^4.12.0"
      },
      "devDependencies": {}
    },
    "node_modules/@cloudinary/transformation-builder-sdk": {
      "version": "1.6.1",
      "resolved": "https://registry.npmjs.org/@cloudinary/transformation-builder-sdk/-/transformation-builder-sdk-1.6.1.tgz",
      "integrity": "sha512-cBoSFbE4SnXO2QvUq+cYgUpXufmZTgg05Cy+jAdiNRGcC6lN+KO0ybMnLU6yg9cFub2NRkBDpU4N53wg4a977w==",
      "dependencies": {
        "@cloudinary/url-gen": "^1.7.0"
      }
    },
    "node_modules/@cloudinary/url-gen": {
      "version": "1.11.2",
      "resolved": "https://registry.npmjs.org/@cloudinary/url-gen/-/url-gen-1.11.2.tgz",
      "integrity": "sha512-9yL3BlThh3PfyRg/zS8cQVic3FdFaIOp361YrDrQ4fqYbYE47SGWF4ji9KoFxYF4ejfDEptayeG9jF2C465KRQ==",
      "dependencies": {
        "@cloudinary/transformation-builder-sdk": "^1.5.1"
      }
    },
    "node_modules/animejs": {
      "version": "3.2.1",
      "resolved": "https://registry.npmjs.org/animejs/-/animejs-3.2.1.tgz",
      "integrity": "sha512-sWno3ugFryK5nhiDm/2BKeFCpZv7vzerWUcUPyAZLDhMek3+S/p418ldZJbJXo5ZUOpfm2kP2XRO4NJcULMy9A=="
    },
    "node_modules/tachyons": {
      "version": "4.12.0",
      "resolved": "https://registry.npmjs.org/tachyons/-/tachyons-4.12.0.tgz",
      "integrity": "sha512-2nA2IrYFy3raCM9fxJ2KODRGHVSZNTW3BR0YnlGsLUf1DA3pk3YfWZ/DdfbnZK6zLZS+jUenlUGJsKcA5fUiZg=="
    }
  }
}
