# This file is generated by running "yarn install" inside your project.
# Manual changes might be lost - proceed with caution!

__metadata:
  version: 6
  cacheKey: 8

"Blacktetriss@workspace:.":
  version: 0.0.0-use.local
  resolution: "Blacktetriss@workspace:."
  dependencies:
    animejs: ^3.2.1
    tachyons: 4.12.0
  languageName: unknown
  linkType: soft

"animejs@npm:^3.2.1":
  version: 3.2.1
  resolution: "animejs@npm:3.2.1"
  checksum: 6939171bed17d6b28307747e564d33e93312c26169b98498c833117d86f174ce7a318469bfd81716c223860a6d13bd76b761e79e765b86b2a2f851963caaa851
  languageName: node
  linkType: hard

"tachyons@npm:4.12.0":
  version: 4.12.0
  resolution: "tachyons@npm:4.12.0"
  checksum: 7f31c80eaf5109c1cf4ccf1073b9b9aed8fcae21cd7558101171bbb939256a5a258a04cba8b745d6ba6713ed9328304041dcc666f7eef44950d2bc2fd3c55cbc
  languageName: node
  linkType: hard
